
Microsoft Visual Studio Solution File, Format Version 12.00
# Visual Studio Version 16
VisualStudioVersion = 16.0.31624.102
MinimumVisualStudioVersion = 10.0.40219.1
Project("{FAE04EC0-301F-11D3-BF4B-00C04F79EFBC}") = "proyectoApi", "proyectoApi.csproj", "{C42BCD0B-6C88-4DB5-9134-64423961C3F9}"
EndProject
Project("{FAE04EC0-301F-11D3-BF4B-00C04F79EFBC}") = "proyectoApi.Tests", "..\proyectoApi.Tests\proyectoApi.Tests.csproj", "{7BDE005C-E833-4C0D-97AA-A77152626D63}"
EndProject
Global
	GlobalSection(SolutionConfigurationPlatforms) = preSolution
		Debug|Any CPU = Debug|Any CPU
		Release|Any CPU = Release|Any CPU
	EndGlobalSection
	GlobalSection(ProjectConfigurationPlatforms) = postSolution
		{C42BCD0B-6C88-4DB5-9134-64423961C3F9}.Debug|Any CPU.ActiveCfg = Debug|Any CPU
		{C42BCD0B-6C88-4DB5-9134-64423961C3F9}.Debug|Any CPU.Build.0 = Debug|Any CPU
		{C42BCD0B-6C88-4DB5-9134-64423961C3F9}.Release|Any CPU.ActiveCfg = Release|Any CPU
		{C42BCD0B-6C88-4DB5-9134-64423961C3F9}.Release|Any CPU.Build.0 = Release|Any CPU
		{7BDE005C-E833-4C0D-97AA-A77152626D63}.Debug|Any CPU.ActiveCfg = Debug|Any CPU
		{7BDE005C-E833-4C0D-97AA-A77152626D63}.Debug|Any CPU.Build.0 = Debug|Any CPU
		{7BDE005C-E833-4C0D-97AA-A77152626D63}.Release|Any CPU.ActiveCfg = Release|Any CPU
		{7BDE005C-E833-4C0D-97AA-A77152626D63}.Release|Any CPU.Build.0 = Release|Any CPU
	EndGlobalSection
	GlobalSection(SolutionProperties) = preSolution
		HideSolutionNode = FALSE
	EndGlobalSection
	GlobalSection(ExtensibilityGlobals) = postSolution
		SolutionGuid = {0ABABF35-2852-41A2-8E50-F05ACEC592FA}
	EndGlobalSection
EndGlobal
